PODS:
  - CVDUtils (0.1.0)
  - Nimble (8.1.1)
  - Quick (3.0.0)

DEPENDENCIES:
  - CVDUtils (from `./`)
  - Nimble (~> 8.1.0)
  - Quick (~> 3.0.0)

SPEC REPOS:
  trunk:
    - Nimble
    - Quick

EXTERNAL SOURCES:
  CVDUtils:
    :path: "./"

SPEC CHECKSUMS:
  CVDUtils: e5f16bff5c0cb413de9657f6dbd0ad218098a8a4
  Nimble: 5f8a2fb6fa343a7242dfdd9d42f7267419d464b2
  Quick: 6d9559f40647bc4d510103842ef2fdd882d753e2

PODFILE CHECKSUM: 3adb54eac8df2cbf7e225bb41da0f171e9045db7

COCOAPODS: 1.8.4
